// !$*UTF8*$!
{
	archiveVersion = 1;
	classes = {
	};
	objectVersion = 55;
	objects = {

/* Begin PBXBuildFile section */
		032B725929CF1B6900A93D21 /* AppDelegate.swift in Sources */ = {isa = PBXBuildFile; fileRef = 032B725829CF1B6900A93D21 /* AppDelegate.swift */; };
		032B725B29CF1B6900A93D21 /* SceneDelegate.swift in Sources */ = {isa = PBXBuildFile; fileRef = 032B725A29CF1B6900A93D21 /* SceneDelegate.swift */; };
		032B725D29CF1B6900A93D21 /* ViewController.swift in Sources */ = {isa = PBXBuildFile; fileRef = 032B725C29CF1B6900A93D21 /* ViewController.swift */; };
		032B726029CF1B6900A93D21 /* Main.storyboard in Resources */ = {isa = PBXBuildFile; fileRef = 032B725E29CF1B6900A93D21 /* Main.storyboard */; };
		032B726229CF1B7000A93D21 /* Assets.xcassets in Resources */ = {isa = PBXBuildFile; fileRef = 032B726129CF1B7000A93D21 /* Assets.xcassets */; };
		032B726529CF1B7000A93D21 /* LaunchScreen.storyboard in Resources */ = {isa = PBXBuildFile; fileRef = 032B726329CF1B7000A93D21 /* LaunchScreen.storyboard */; };
		032B727029CF1B7000A93D21 /* AppStructureForUIKitTests.swift in Sources */ = {isa = PBXBuildFile; fileRef = 032B726F29CF1B7000A93D21 /* AppStructureForUIKitTests.swift */; };
		032B727A29CF1B7000A93D21 /* AppStructureForUIKitUITests.swift in Sources */ = {isa = PBXBuildFile; fileRef = 032B727929CF1B7000A93D21 /* AppStructureForUIKitUITests.swift */; };
		032B727C29CF1B7000A93D21 /* AppStructureForUIKitUITestsLaunchTests.swift in Sources */ = {isa = PBXBuildFile; fileRef = 032B727B29CF1B7000A93D21 /* AppStructureForUIKitUITestsLaunchTests.swift */; };
		037EA69F29CF2890001E18D9 /* UserModel.swift in Sources */ = {isa = PBXBuildFile; fileRef = 037EA69E29CF288F001E18D9 /* UserModel.swift */; };
		037EA6A129CF29A1001E18D9 /* NetworkCall.swift in Sources */ = {isa = PBXBuildFile; fileRef = 037EA6A029CF29A1001E18D9 /* NetworkCall.swift */; };
		037EA6A429CF2BA9001E18D9 /* userViewModel.swift in Sources */ = {isa = PBXBuildFile; fileRef = 037EA6A329CF2BA9001E18D9 /* userViewModel.swift */; };
		037EA6A829CF483C001E18D9 /* UsersTableViewCell.swift in Sources */ = {isa = PBXBuildFile; fileRef = 037EA6A629CF483C001E18D9 /* UsersTableViewCell.swift */; };
		037EA6A929CF483C001E18D9 /* UsersTableViewCell.xib in Resources */ = {isa = PBXBuildFile; fileRef = 037EA6A729CF483C001E18D9 /* UsersTableViewCell.xib */; };
		2D79F950C6CA42273FD3F71A /* Pods_AppStructureForUIKit_AppStructureForUIKitUITests.framework in Frameworks */ = {isa = PBXBuildFile; fileRef = F3935602F022F160770745F4 /* Pods_AppStructureForUIKit_AppStructureForUIKitUITests.framework */; };
		568BFBF43F494EAF38B50569 /* Pods_AppStructureForUIKitTests.framework in Frameworks */ = {isa = PBXBuildFile; fileRef = F1EFB0803ACC064DDF1A4A2B /* Pods_AppStructureForUIKitTests.framework */; };
		E45CAE69841B1E7358FEA664 /* Pods_AppStructureForUIKit.framework in Frameworks */ = {isa = PBXBuildFile; fileRef = 8619CC15214A06C719A5F703 /* Pods_AppStructureForUIKit.framework */; };
/* End PBXBuildFile section */

/* Begin PBXContainerItemProxy section */
		032B726C29CF1B7000A93D21 /* PBXContainerItemProxy */ = {
			isa = PBXContainerItemProxy;
			containerPortal = 032B724D29CF1B6900A93D21 /* Project object */;
			proxyType = 1;
			remoteGlobalIDString = 032B725429CF1B6900A93D21;
			remoteInfo = AppStructureForUIKit;
		};
		032B727629CF1B7000A93D21 /* PBXContainerItemProxy */ = {
			isa = PBXContainerItemProxy;
			containerPortal = 032B724D29CF1B6900A93D21 /* Project object */;
			proxyType = 1;
			remoteGlobalIDString = 032B725429CF1B6900A93D21;
			remoteInfo = AppStructureForUIKit;
		};
/* End PBXContainerItemProxy section */

/* Begin PBXFileReference section */
		032B725529CF1B6900A93D21 /* AppStructureForUIKit.app */ = {isa = PBXFileReference; explicitFileType = wrapper.application; includeInIndex = 0; path = AppStructureForUIKit.app; sourceTree = BUILT_PRODUCTS_DIR; };
		032B725829CF1B6900A93D21 /* AppDelegate.swift */ = {isa = PBXFileReference; lastKnownFileType = sourcecode.swift; path = AppDelegate.swift; sourceTree = "<group>"; };
		032B725A29CF1B6900A93D21 /* SceneDelegate.swift */ = {isa = PBXFileReference; lastKnownFileType = sourcecode.swift; path = SceneDelegate.swift; sourceTree = "<group>"; };
		032B725C29CF1B6900A93D21 /* ViewController.swift */ = {isa = PBXFileReference; lastKnownFileType = sourcecode.swift; path = ViewController.swift; sourceTree = "<group>"; };
		032B725F29CF1B6900A93D21 /* Base */ = {isa = PBXFileReference; lastKnownFileType = file.storyboard; name = Base; path = Base.lproj/Main.storyboard; sourceTree = "<group>"; };
		032B726129CF1B7000A93D21 /* Assets.xcassets */ = {isa = PBXFileReference; lastKnownFileType = folder.assetcatalog; path = Assets.xcassets; sourceTree = "<group>"; };
		032B726429CF1B7000A93D21 /* Base */ = {isa = PBXFileReference; lastKnownFileType = file.storyboard; name = Base; path = Base.lproj/LaunchScreen.storyboard; sourceTree = "<group>"; };
		032B726629CF1B7000A93D21 /* Info.plist */ = {isa = PBXFileReference; lastKnownFileType = text.plist.xml; path = Info.plist; sourceTree = "<group>"; };
		032B726B29CF1B7000A93D21 /* AppStructureForUIKitTests.xctest */ = {isa = PBXFileReference; explicitFileType = wrapper.cfbundle; includeInIndex = 0; path = AppStructureForUIKitTests.xctest; sourceTree = BUILT_PRODUCTS_DIR; };
		032B726F29CF1B7000A93D21 /* AppStructureForUIKitTests.swift */ = {isa = PBXFileReference; lastKnownFileType = sourcecode.swift; path = AppStructureForUIKitTests.swift; sourceTree = "<group>"; };
		032B727529CF1B7000A93D21 /* AppStructureForUIKitUITests.xctest */ = {isa = PBXFileReference; explicitFileType = wrapper.cfbundle; includeInIndex = 0; path = AppStructureForUIKitUITests.xctest; sourceTree = BUILT_PRODUCTS_DIR; };
		032B727929CF1B7000A93D21 /* AppStructureForUIKitUITests.swift */ = {isa = PBXFileReference; lastKnownFileType = sourcecode.swift; path = AppStructureForUIKitUITests.swift; sourceTree = "<group>"; };
		032B727B29CF1B7000A93D21 /* AppStructureForUIKitUITestsLaunchTests.swift */ = {isa = PBXFileReference; lastKnownFileType = sourcecode.swift; path = AppStructureForUIKitUITestsLaunchTests.swift; sourceTree = "<group>"; };
		037EA69E29CF288F001E18D9 /* UserModel.swift */ = {isa = PBXFileReference; lastKnownFileType = sourcecode.swift; path = UserModel.swift; sourceTree = "<group>"; };
		037EA6A029CF29A1001E18D9 /* NetworkCall.swift */ = {isa = PBXFileReference; lastKnownFileType = sourcecode.swift; path = NetworkCall.swift; sourceTree = "<group>"; };
		037EA6A329CF2BA9001E18D9 /* userViewModel.swift */ = {isa = PBXFileReference; lastKnownFileType = sourcecode.swift; path = userViewModel.swift; sourceTree = "<group>"; };
		037EA6A629CF483C001E18D9 /* UsersTableViewCell.swift */ = {isa = PBXFileReference; lastKnownFileType = sourcecode.swift; path = UsersTableViewCell.swift; sourceTree = "<group>"; };
		037EA6A729CF483C001E18D9 /* UsersTableViewCell.xib */ = {isa = PBXFileReference; lastKnownFileType = file.xib; path = UsersTableViewCell.xib; sourceTree = "<group>"; };
		284120C8F9A3919E3E026080 /* Pods-AppStructureForUIKit.debug.xcconfig */ = {isa = PBXFileReference; includeInIndex = 1; lastKnownFileType = text.xcconfig; name = "Pods-AppStructureForUIKit.debug.xcconfig"; path = "Target Support Files/Pods-AppStructureForUIKit/Pods-AppStructureForUIKit.debug.xcconfig"; sourceTree = "<group>"; };
		477CFB058F508D124EB332E1 /* Pods-AppStructureForUIKitTests.debug.xcconfig */ = {isa = PBXFileReference; includeInIndex = 1; lastKnownFileType = text.xcconfig; name = "Pods-AppStructureForUIKitTests.debug.xcconfig"; path = "Target Support Files/Pods-AppStructureForUIKitTests/Pods-AppStructureForUIKitTests.debug.xcconfig"; sourceTree = "<group>"; };
		5852EE1FFA047E0AB8199874 /* Pods-AppStructureForUIKitTests.release.xcconfig */ = {isa = PBXFileReference; includeInIndex = 1; lastKnownFileType = text.xcconfig; name = "Pods-AppStructureForUIKitTests.release.xcconfig"; path = "Target Support Files/Pods-AppStructureForUIKitTests/Pods-AppStructureForUIKitTests.release.xcconfig"; sourceTree = "<group>"; };
		8619CC15214A06C719A5F703 /* Pods_AppStructureForUIKit.framework */ = {isa = PBXFileReference; explicitFileType = wrapper.framework; includeInIndex = 0; path = Pods_AppStructureForUIKit.framework; sourceTree = BUILT_PRODUCTS_DIR; };
		8A8875AF65FE2276953C3CC2 /* Pods-AppStructureForUIKit-AppStructureForUIKitUITests.debug.xcconfig */ = {isa = PBXFileReference; includeInIndex = 1; lastKnownFileType = text.xcconfig; name = "Pods-AppStructureForUIKit-AppStructureForUIKitUITests.debug.xcconfig"; path = "Target Support Files/Pods-AppStructureForUIKit-AppStructureForUIKitUITests/Pods-AppStructureForUIKit-AppStructureForUIKitUITests.debug.xcconfig"; sourceTree = "<group>"; };
		CBE1B70FAC7C415D31E7ED79 /* Pods-AppStructureForUIKit-AppStructureForUIKitUITests.release.xcconfig */ = {isa = PBXFileReference; includeInIndex = 1; lastKnownFileType = text.xcconfig; name = "Pods-AppStructureForUIKit-AppStructureForUIKitUITests.release.xcconfig"; path = "Target Support Files/Pods-AppStructureForUIKit-AppStructureForUIKitUITests/Pods-AppStructureForUIKit-AppStructureForUIKitUITests.release.xcconfig"; sourceTree = "<group>"; };
		DC7B5D1B0935B9D08EC351A4 /* Pods-AppStructureForUIKit.release.xcconfig */ = {isa = PBXFileReference; includeInIndex = 1; lastKnownFileType = text.xcconfig; name = "Pods-AppStructureForUIKit.release.xcconfig"; path = "Target Support Files/Pods-AppStructureForUIKit/Pods-AppStructureForUIKit.release.xcconfig"; sourceTree = "<group>"; };
		F1EFB0803ACC064DDF1A4A2B /* Pods_AppStructureForUIKitTests.framework */ = {isa = PBXFileReference; explicitFileType = wrapper.framework; includeInIndex = 0; path = Pods_AppStructureForUIKitTests.framework; sourceTree = BUILT_PRODUCTS_DIR; };
		F3935602F022F160770745F4 /* Pods_AppStructureForUIKit_AppStructureForUIKitUITests.framework */ = {isa = PBXFileReference; explicitFileType = wrapper.framework; includeInIndex = 0; path = Pods_AppStructureForUIKit_AppStructureForUIKitUITests.framework; sourceTree = BUILT_PRODUCTS_DIR; };
/* End PBXFileReference section */

/* Begin PBXFrameworksBuildPhase section */
		032B725229CF1B6900A93D21 /* Frameworks */ = {
			isa = PBXFrameworksBuildPhase;
			buildActionMask = 2147483647;
			files = (
				E45CAE69841B1E7358FEA664 /* Pods_AppStructureForUIKit.framework in Frameworks */,
			);
			runOnlyForDeploymentPostprocessing = 0;
		};
		032B726829CF1B7000A93D21 /* Frameworks */ = {
			isa = PBXFrameworksBuildPhase;
			buildActionMask = 2147483647;
			files = (
				568BFBF43F494EAF38B50569 /* Pods_AppStructureForUIKitTests.framework in Frameworks */,
			);
			runOnlyForDeploymentPostprocessing = 0;
		};
		032B727229CF1B7000A93D21 /* Frameworks */ = {
			isa = PBXFrameworksBuildPhase;
			buildActionMask = 2147483647;
			files = (
				2D79F950C6CA42273FD3F71A /* Pods_AppStructureForUIKit_AppStructureForUIKitUITests.framework in Frameworks */,
			);
			runOnlyForDeploymentPostprocessing = 0;
		};
/* End PBXFrameworksBuildPhase section */

/* Begin PBXGroup section */
		02A10AF7685384D2A92E9C64 /* Frameworks */ = {
			isa = PBXGroup;
			children = (
				8619CC15214A06C719A5F703 /* Pods_AppStructureForUIKit.framework */,
				F3935602F022F160770745F4 /* Pods_AppStructureForUIKit_AppStructureForUIKitUITests.framework */,
				F1EFB0803ACC064DDF1A4A2B /* Pods_AppStructureForUIKitTests.framework */,
			);
			name = Frameworks;
			sourceTree = "<group>";
		};
		032B724C29CF1B6900A93D21 = {
			isa = PBXGroup;
			children = (
				032B725729CF1B6900A93D21 /* AppStructureForUIKit */,
				032B726E29CF1B7000A93D21 /* AppStructureForUIKitTests */,
				032B727829CF1B7000A93D21 /* AppStructureForUIKitUITests */,
				032B725629CF1B6900A93D21 /* Products */,
				E7B1921D6051C67FD65613A6 /* Pods */,
				02A10AF7685384D2A92E9C64 /* Frameworks */,
			);
			sourceTree = "<group>";
		};
		032B725629CF1B6900A93D21 /* Products */ = {
			isa = PBXGroup;
			children = (
				032B725529CF1B6900A93D21 /* AppStructureForUIKit.app */,
				032B726B29CF1B7000A93D21 /* AppStructureForUIKitTests.xctest */,
				032B727529CF1B7000A93D21 /* AppStructureForUIKitUITests.xctest */,
			);
			name = Products;
			sourceTree = "<group>";
		};
		032B725729CF1B6900A93D21 /* AppStructureForUIKit */ = {
			isa = PBXGroup;
			children = (
				037EA6A529CF4800001E18D9 /* cells */,
				037EA6A229CF2B79001E18D9 /* viewmodels */,
				037EA69D29CF2861001E18D9 /* network */,
				032B725829CF1B6900A93D21 /* AppDelegate.swift */,
				032B725A29CF1B6900A93D21 /* SceneDelegate.swift */,
				032B725C29CF1B6900A93D21 /* ViewController.swift */,
				032B725E29CF1B6900A93D21 /* Main.storyboard */,
				032B726129CF1B7000A93D21 /* Assets.xcassets */,
				032B726329CF1B7000A93D21 /* LaunchScreen.storyboard */,
				032B726629CF1B7000A93D21 /* Info.plist */,
			);
			path = AppStructureForUIKit;
			sourceTree = "<group>";
		};
		032B726E29CF1B7000A93D21 /* AppStructureForUIKitTests */ = {
			isa = PBXGroup;
			children = (
				032B726F29CF1B7000A93D21 /* AppStructureForUIKitTests.swift */,
			);
			path = AppStructureForUIKitTests;
			sourceTree = "<group>";
		};
		032B727829CF1B7000A93D21 /* AppStructureForUIKitUITests */ = {
			isa = PBXGroup;
			children = (
				032B727929CF1B7000A93D21 /* AppStructureForUIKitUITests.swift */,
				032B727B29CF1B7000A93D21 /* AppStructureForUIKitUITestsLaunchTests.swift */,
			);
			path = AppStructureForUIKitUITests;
			sourceTree = "<group>";
		};
		037EA69D29CF2861001E18D9 /* network */ = {
			isa = PBXGroup;
			children = (
				037EA69E29CF288F001E18D9 /* UserModel.swift */,
				037EA6A029CF29A1001E18D9 /* NetworkCall.swift */,
			);
			path = network;
			sourceTree = "<group>";
		};
		037EA6A229CF2B79001E18D9 /* viewmodels */ = {
			isa = PBXGroup;
			children = (
				037EA6A329CF2BA9001E18D9 /* userViewModel.swift */,
			);
			path = viewmodels;
			sourceTree = "<group>";
		};
		037EA6A529CF4800001E18D9 /* cells */ = {
			isa = PBXGroup;
			children = (
				037EA6A629CF483C001E18D9 /* UsersTableViewCell.swift */,
				037EA6A729CF483C001E18D9 /* UsersTableViewCell.xib */,
			);
			path = cells;
			sourceTree = "<group>";
		};
		E7B1921D6051C67FD65613A6 /* Pods */ = {
			isa = PBXGroup;
			children = (
				284120C8F9A3919E3E026080 /* Pods-AppStructureForUIKit.debug.xcconfig */,
				DC7B5D1B0935B9D08EC351A4 /* Pods-AppStructureForUIKit.release.xcconfig */,
				8A8875AF65FE2276953C3CC2 /* Pods-AppStructureForUIKit-AppStructureForUIKitUITests.debug.xcconfig */,
				CBE1B70FAC7C415D31E7ED79 /* Pods-AppStructureForUIKit-AppStructureForUIKitUITests.release.xcconfig */,
				477CFB058F508D124EB332E1 /* Pods-AppStructureForUIKitTests.debug.xcconfig */,
				5852EE1FFA047E0AB8199874 /* Pods-AppStructureForUIKitTests.release.xcconfig */,
			);
			path = Pods;
			sourceTree = "<group>";
		};
/* End PBXGroup section */

/* Begin PBXNativeTarget section */
		032B725429CF1B6900A93D21 /* AppStructureForUIKit */ = {
			isa = PBXNativeTarget;
			buildConfigurationList = 032B727F29CF1B7000A93D21 /* Build configuration list for PBXNativeTarget "AppStructureForUIKit" */;
			buildPhases = (
				4B166AF68B4FF9AA80614D07 /* [CP] Check Pods Manifest.lock */,
				032B725129CF1B6900A93D21 /* Sources */,
				032B725229CF1B6900A93D21 /* Frameworks */,
				032B725329CF1B6900A93D21 /* Resources */,
				F0C149BF86540125A5A755F0 /* [CP] Embed Pods Frameworks */,
			);
			buildRules = (
			);
			dependencies = (
			);
			name = AppStructureForUIKit;
			productName = AppStructureForUIKit;
			productReference = 032B725529CF1B6900A93D21 /* AppStructureForUIKit.app */;
			productType = "com.apple.product-type.application";
		};
		032B726A29CF1B7000A93D21 /* AppStructureForUIKitTests */ = {
			isa = PBXNativeTarget;
			buildConfigurationList = 032B728229CF1B7000A93D21 /* Build configuration list for PBXNativeTarget "AppStructureForUIKitTests" */;
			buildPhases = (
				81F30884575A11C480920CBD /* [CP] Check Pods Manifest.lock */,
				032B726729CF1B7000A93D21 /* Sources */,
				032B726829CF1B7000A93D21 /* Frameworks */,
				032B726929CF1B7000A93D21 /* Resources */,
			);
			buildRules = (
			);
			dependencies = (
				032B726D29CF1B7000A93D21 /* PBXTargetDependency */,
			);
			name = AppStructureForUIKitTests;
			productName = AppStructureForUIKitTests;
			productReference = 032B726B29CF1B7000A93D21 /* AppStructureForUIKitTests.xctest */;
			productType = "com.apple.product-type.bundle.unit-test";
		};
		032B727429CF1B7000A93D21 /* AppStructureForUIKitUITests */ = {
			isa = PBXNativeTarget;
			buildConfigurationList = 032B728529CF1B7000A93D21 /* Build configuration list for PBXNativeTarget "AppStructureForUIKitUITests" */;
			buildPhases = (
				351FA3BC3AFDEF5F19C48277 /* [CP] Check Pods Manifest.lock */,
				032B727129CF1B7000A93D21 /* Sources */,
				032B727229CF1B7000A93D21 /* Frameworks */,
				032B727329CF1B7000A93D21 /* Resources */,
				2CE3E65BAF56D1739E3DBE68 /* [CP] Embed Pods Frameworks */,
			);
			buildRules = (
			);
			dependencies = (
				032B727729CF1B7000A93D21 /* PBXTargetDependency */,
			);
			name = AppStructureForUIKitUITests;
			productName = AppStructureForUIKitUITests;
			productReference = 032B727529CF1B7000A93D21 /* AppStructureForUIKitUITests.xctest */;
			productType = "com.apple.product-type.bundle.ui-testing";
		};
/* End PBXNativeTarget section */

/* Begin PBXProject section */
		032B724D29CF1B6900A93D21 /* Project object */ = {
			isa = PBXProject;
			attributes = {
				BuildIndependentTargetsInParallel = 1;
				LastSwiftUpdateCheck = 1330;
				LastUpgradeCheck = 1330;
				TargetAttributes = {
					032B725429CF1B6900A93D21 = {
						CreatedOnToolsVersion = 13.3.1;
					};
					032B726A29CF1B7000A93D21 = {
						CreatedOnToolsVersion = 13.3.1;
						TestTargetID = 032B725429CF1B6900A93D21;
					};
					032B727429CF1B7000A93D21 = {
						CreatedOnToolsVersion = 13.3.1;
						TestTargetID = 032B725429CF1B6900A93D21;
					};
				};
			};
			buildConfigurationList = 032B725029CF1B6900A93D21 /* Build configuration list for PBXProject "AppStructureForUIKit" */;
			compatibilityVersion = "Xcode 13.0";
			developmentRegion = en;
			hasScannedForEncodings = 0;
			knownRegions = (
				en,
				Base,
			);
			mainGroup = 032B724C29CF1B6900A93D21;
			productRefGroup = 032B725629CF1B6900A93D21 /* Products */;
			projectDirPath = "";
			projectRoot = "";
			targets = (
				032B725429CF1B6900A93D21 /* AppStructureForUIKit */,
				032B726A29CF1B7000A93D21 /* AppStructureForUIKitTests */,
				032B727429CF1B7000A93D21 /* AppStructureForUIKitUITests */,
			);
		};
/* End PBXProject section */

/* Begin PBXResourcesBuildPhase section */
		032B725329CF1B6900A93D21 /* Resources */ = {
			isa = PBXResourcesBuildPhase;
			buildActionMask = 2147483647;
			files = (
				037EA6A929CF483C001E18D9 /* UsersTableViewCell.xib in Resources */,
				032B726529CF1B7000A93D21 /* LaunchScreen.storyboard in Resources */,
				032B726229CF1B7000A93D21 /* Assets.xcassets in Resources */,
				032B726029CF1B6900A93D21 /* Main.storyboard in Resources */,
			);
			runOnlyForDeploymentPostprocessing = 0;
		};
		032B726929CF1B7000A93D21 /* Resources */ = {
			isa = PBXResourcesBuildPhase;
			buildActionMask = 2147483647;
			files = (
			);
			runOnlyForDeploymentPostprocessing = 0;
		};
		032B727329CF1B7000A93D21 /* Resources */ = {
			isa = PBXResourcesBuildPhase;
			buildActionMask = 2147483647;
			files = (
			);
			runOnlyForDeploymentPostprocessing = 0;
		};
/* End PBXResourcesBuildPhase section */

/* Begin PBXShellScriptBuildPhase section */
		2CE3E65BAF56D1739E3DBE68 /* [CP] Embed Pods Frameworks */ = {
			isa = PBXShellScriptBuildPhase;
			buildActionMask = 2147483647;
			files = (
			);
			inputFileListPaths = (
				"${PODS_ROOT}/Target Support Files/Pods-AppStructureForUIKit-AppStructureForUIKitUITests/Pods-AppStructureForUIKit-AppStructureForUIKitUITests-frameworks-${CONFIGURATION}-input-files.xcfilelist",
			);
			name = "[CP] Embed Pods Frameworks";
			outputFileListPaths = (
				"${PODS_ROOT}/Target Support Files/Pods-AppStructureForUIKit-AppStructureForUIKitUITests/Pods-AppStructureForUIKit-AppStructureForUIKitUITests-frameworks-${CONFIGURATION}-output-files.xcfilelist",
			);
			runOnlyForDeploymentPostprocessing = 0;
			shellPath = /bin/sh;
			shellScript = "\"${PODS_ROOT}/Target Support Files/Pods-AppStructureForUIKit-AppStructureForUIKitUITests/Pods-AppStructureForUIKit-AppStructureForUIKitUITests-frameworks.sh\"\n";
			showEnvVarsInLog = 0;
		};
		351FA3BC3AFDEF5F19C48277 /* [CP] Check Pods Manifest.lock */ = {
			isa = PBXShellScriptBuildPhase;
			buildActionMask = 2147483647;
			files = (
			);
			inputFileListPaths = (
			);
			inputPaths = (
				"${PODS_PODFILE_DIR_PATH}/Podfile.lock",
				"${PODS_ROOT}/Manifest.lock",
			);
			name = "[CP] Check Pods Manifest.lock";
			outputFileListPaths = (
			);
			outputPaths = (
				"$(DERIVED_FILE_DIR)/Pods-AppStructureForUIKit-AppStructureForUIKitUITests-checkManifestLockResult.txt",
			);
			runOnlyForDeploymentPostprocessing = 0;
			shellPath = /bin/sh;
			shellScript = "diff \"${PODS_PODFILE_DIR_PATH}/Podfile.lock\" \"${PODS_ROOT}/Manifest.lock\" > /dev/null\nif [ $? != 0 ] ; then\n    # print error to STDERR\n    echo \"error: The sandbox is not in sync with the Podfile.lock. Run 'pod install' or update your CocoaPods installation.\" >&2\n    exit 1\nfi\n# This output is used by Xcode 'outputs' to avoid re-running this script phase.\necho \"SUCCESS\" > \"${SCRIPT_OUTPUT_FILE_0}\"\n";
			showEnvVarsInLog = 0;
		};
		4B166AF68B4FF9AA80614D07 /* [CP] Check Pods Manifest.lock */ = {
			isa = PBXShellScriptBuildPhase;
			buildActionMask = 2147483647;
			files = (
			);
			inputFileListPaths = (
			);
			inputPaths = (
				"${PODS_PODFILE_DIR_PATH}/Podfile.lock",
				"${PODS_ROOT}/Manifest.lock",
			);
			name = "[CP] Check Pods Manifest.lock";
			outputFileListPaths = (
			);
			outputPaths = (
				"$(DERIVED_FILE_DIR)/Pods-AppStructureForUIKit-checkManifestLockResult.txt",
			);
			runOnlyForDeploymentPostprocessing = 0;
			shellPath = /bin/sh;
			shellScript = "diff \"${PODS_PODFILE_DIR_PATH}/Podfile.lock\" \"${PODS_ROOT}/Manifest.lock\" > /dev/null\nif [ $? != 0 ] ; then\n    # print error to STDERR\n    echo \"error: The sandbox is not in sync with the Podfile.lock. Run 'pod install' or update your CocoaPods installation.\" >&2\n    exit 1\nfi\n# This output is used by Xcode 'outputs' to avoid re-running this script phase.\necho \"SUCCESS\" > \"${SCRIPT_OUTPUT_FILE_0}\"\n";
			showEnvVarsInLog = 0;
		};
		81F30884575A11C480920CBD /* [CP] Check Pods Manifest.lock */ = {
			isa = PBXShellScriptBuildPhase;
			buildActionMask = 2147483647;
			files = (
			);
			inputFileListPaths = (
			);
			inputPaths = (
				"${PODS_PODFILE_DIR_PATH}/Podfile.lock",
				"${PODS_ROOT}/Manifest.lock",
			);
			name = "[CP] Check Pods Manifest.lock";
			outputFileListPaths = (
			);
			outputPaths = (
				"$(DERIVED_FILE_DIR)/Pods-AppStructureForUIKitTests-checkManifestLockResult.txt",
			);
			runOnlyForDeploymentPostprocessing = 0;
			shellPath = /bin/sh;
			shellScript = "diff \"${PODS_PODFILE_DIR_PATH}/Podfile.lock\" \"${PODS_ROOT}/Manifest.lock\" > /dev/null\nif [ $? != 0 ] ; then\n    # print error to STDERR\n    echo \"error: The sandbox is not in sync with the Podfile.lock. Run 'pod install' or update your CocoaPods installation.\" >&2\n    exit 1\nfi\n# This output is used by Xcode 'outputs' to avoid re-running this script phase.\necho \"SUCCESS\" > \"${SCRIPT_OUTPUT_FILE_0}\"\n";
			showEnvVarsInLog = 0;
		};
		F0C149BF86540125A5A755F0 /* [CP] Embed Pods Frameworks */ = {
			isa = PBXShellScriptBuildPhase;
			buildActionMask = 2147483647;
			files = (
			);
			inputFileListPaths = (
				"${PODS_ROOT}/Target Support Files/Pods-AppStructureForUIKit/Pods-AppStructureForUIKit-frameworks-${CONFIGURATION}-input-files.xcfilelist",
			);
			name = "[CP] Embed Pods Frameworks";
			outputFileListPaths = (
				"${PODS_ROOT}/Target Support Files/Pods-AppStructureForUIKit/Pods-AppStructureForUIKit-frameworks-${CONFIGURATION}-output-files.xcfilelist",
			);
			runOnlyForDeploymentPostprocessing = 0;
			shellPath = /bin/sh;
			shellScript = "\"${PODS_ROOT}/Target Support Files/Pods-AppStructureForUIKit/Pods-AppStructureForUIKit-frameworks.sh\"\n";
			showEnvVarsInLog = 0;
		};
/* End PBXShellScriptBuildPhase section */

/* Begin PBXSourcesBuildPhase section */
		032B725129CF1B6900A93D21 /* Sources */ = {
			isa = PBXSourcesBuildPhase;
			buildActionMask = 2147483647;
			files = (
				032B725D29CF1B6900A93D21 /* ViewController.swift in Sources */,
				032B725929CF1B6900A93D21 /* AppDelegate.swift in Sources */,
				037EA69F29CF2890001E18D9 /* UserModel.swift in Sources */,
				037EA6A829CF483C001E18D9 /* UsersTableViewCell.swift in Sources */,
				037EA6A429CF2BA9001E18D9 /* userViewModel.swift in Sources */,
				032B725B29CF1B6900A93D21 /* SceneDelegate.swift in Sources */,
				037EA6A129CF29A1001E18D9 /* NetworkCall.swift in Sources */,
			);
			runOnlyForDeploymentPostprocessing = 0;
		};
		032B726729CF1B7000A93D21 /* Sources */ = {
			isa = PBXSourcesBuildPhase;
			buildActionMask = 2147483647;
			files = (
				032B727029CF1B7000A93D21 /* AppStructureForUIKitTests.swift in Sources */,
			);
			runOnlyForDeploymentPostprocessing = 0;
		};
		032B727129CF1B7000A93D21 /* Sources */ = {
			isa = PBXSourcesBuildPhase;
			buildActionMask = 2147483647;
			files = (
				032B727A29CF1B7000A93D21 /* AppStructureForUIKitUITests.swift in Sources */,
				032B727C29CF1B7000A93D21 /* AppStructureForUIKitUITestsLaunchTests.swift in Sources */,
			);
			runOnlyForDeploymentPostprocessing = 0;
		};
/* End PBXSourcesBuildPhase section */

/* Begin PBXTargetDependency section */
		032B726D29CF1B7000A93D21 /* PBXTargetDependency */ = {
			isa = PBXTargetDependency;
			target = 032B725429CF1B6900A93D21 /* AppStructureForUIKit */;
			targetProxy = 032B726C29CF1B7000A93D21 /* PBXContainerItemProxy */;
		};
		032B727729CF1B7000A93D21 /* PBXTargetDependency */ = {
			isa = PBXTargetDependency;
			target = 032B725429CF1B6900A93D21 /* AppStructureForUIKit */;
			targetProxy = 032B727629CF1B7000A93D21 /* PBXContainerItemProxy */;
		};
/* End PBXTargetDependency section */

/* Begin PBXVariantGroup section */
		032B725E29CF1B6900A93D21 /* Main.storyboard */ = {
			isa = PBXVariantGroup;
			children = (
				032B725F29CF1B6900A93D21 /* Base */,
			);
			name = Main.storyboard;
			sourceTree = "<group>";
		};
		032B726329CF1B7000A93D21 /* LaunchScreen.storyboard */ = {
			isa = PBXVariantGroup;
			children = (
				032B726429CF1B7000A93D21 /* Base */,
			);
			name = LaunchScreen.storyboard;
			sourceTree = "<group>";
		};
/* End PBXVariantGroup section */

/* Begin XCBuildConfiguration section */
		032B727D29CF1B7000A93D21 /* Debug */ = {
			isa = XCBuildConfiguration;
			buildSettings = {
				ALWAYS_SEARCH_USER_PATHS = NO;
				CLANG_ANALYZER_NONNULL = YES;
				CLANG_ANALYZER_NUMBER_OBJECT_CONVERSION = YES_AGGRESSIVE;
				CLANG_CXX_LANGUAGE_STANDARD = "gnu++17";
				CLANG_ENABLE_MODULES = YES;
				CLANG_ENABLE_OBJC_ARC = YES;
				CLANG_ENABLE_OBJC_WEAK = YES;
				CLANG_WARN_BLOCK_CAPTURE_AUTORELEASING = YES;
				CLANG_WARN_BOOL_CONVERSION = YES;
				CLANG_WARN_COMMA = YES;
				CLANG_WARN_CONSTANT_CONVERSION = YES;
				CLANG_WARN_DEPRECATED_OBJC_IMPLEMENTATIONS = YES;
				CLANG_WARN_DIRECT_OBJC_ISA_USAGE = YES_ERROR;
				CLANG_WARN_DOCUMENTATION_COMMENTS = YES;
				CLANG_WARN_EMPTY_BODY = YES;
				CLANG_WARN_ENUM_CONVERSION = YES;
				CLANG_WARN_INFINITE_RECURSION = YES;
				CLANG_WARN_INT_CONVERSION = YES;
				CLANG_WARN_NON_LITERAL_NULL_CONVERSION = YES;
				CLANG_WARN_OBJC_IMPLICIT_RETAIN_SELF = YES;
				CLANG_WARN_OBJC_LITERAL_CONVERSION = YES;
				CLANG_WARN_OBJC_ROOT_CLASS = YES_ERROR;
				CLANG_WARN_QUOTED_INCLUDE_IN_FRAMEWORK_HEADER = YES;
				CLANG_WARN_RANGE_LOOP_ANALYSIS = YES;
				CLANG_WARN_STRICT_PROTOTYPES = YES;
				CLANG_WARN_SUSPICIOUS_MOVE = YES;
				CLANG_WARN_UNGUARDED_AVAILABILITY = YES_AGGRESSIVE;
				CLANG_WARN_UNREACHABLE_CODE = YES;
				CLANG_WARN__DUPLICATE_METHOD_MATCH = YES;
				COPY_PHASE_STRIP = NO;
				DEBUG_INFORMATION_FORMAT = dwarf;
				ENABLE_STRICT_OBJC_MSGSEND = YES;
				ENABLE_TESTABILITY = YES;
				GCC_C_LANGUAGE_STANDARD = gnu11;
				GCC_DYNAMIC_NO_PIC = NO;
				GCC_NO_COMMON_BLOCKS = YES;
				GCC_OPTIMIZATION_LEVEL = 0;
				GCC_PREPROCESSOR_DEFINITIONS = (
					"DEBUG=1",
					"$(inherited)",
				);
				GCC_WARN_64_TO_32_BIT_CONVERSION = YES;
				GCC_WARN_ABOUT_RETURN_TYPE = YES_ERROR;
				GCC_WARN_UNDECLARED_SELECTOR = YES;
				GCC_WARN_UNINITIALIZED_AUTOS = YES_AGGRESSIVE;
				GCC_WARN_UNUSED_FUNCTION = YES;
				GCC_WARN_UNUSED_VARIABLE = YES;
				IPHONEOS_DEPLOYMENT_TARGET = 15.4;
				MTL_ENABLE_DEBUG_INFO = INCLUDE_SOURCE;
				MTL_FAST_MATH = YES;
				ONLY_ACTIVE_ARCH = YES;
				SDKROOT = iphoneos;
				SWIFT_ACTIVE_COMPILATION_CONDITIONS = DEBUG;
				SWIFT_OPTIMIZATION_LEVEL = "-Onone";
			};
			name = Debug;
		};
		032B727E29CF1B7000A93D21 /* Release */ = {
			isa = XCBuildConfiguration;
			buildSettings = {
				ALWAYS_SEARCH_USER_PATHS = NO;
				CLANG_ANALYZER_NONNULL = YES;
				CLANG_ANALYZER_NUMBER_OBJECT_CONVERSION = YES_AGGRESSIVE;
				CLANG_CXX_LANGUAGE_STANDARD = "gnu++17";
				CLANG_ENABLE_MODULES = YES;
				CLANG_ENABLE_OBJC_ARC = YES;
				CLANG_ENABLE_OBJC_WEAK = YES;
				CLANG_WARN_BLOCK_CAPTURE_AUTORELEASING = YES;
				CLANG_WARN_BOOL_CONVERSION = YES;
				CLANG_WARN_COMMA = YES;
				CLANG_WARN_CONSTANT_CONVERSION = YES;
				CLANG_WARN_DEPRECATED_OBJC_IMPLEMENTATIONS = YES;
				CLANG_WARN_DIRECT_OBJC_ISA_USAGE = YES_ERROR;
				CLANG_WARN_DOCUMENTATION_COMMENTS = YES;
				CLANG_WARN_EMPTY_BODY = YES;
				CLANG_WARN_ENUM_CONVERSION = YES;
				CLANG_WARN_INFINITE_RECURSION = YES;
				CLANG_WARN_INT_CONVERSION = YES;
				CLANG_WARN_NON_LITERAL_NULL_CONVERSION = YES;
				CLANG_WARN_OBJC_IMPLICIT_RETAIN_SELF = YES;
				CLANG_WARN_OBJC_LITERAL_CONVERSION = YES;
				CLANG_WARN_OBJC_ROOT_CLASS = YES_ERROR;
				CLANG_WARN_QUOTED_INCLUDE_IN_FRAMEWORK_HEADER = YES;
				CLANG_WARN_RANGE_LOOP_ANALYSIS = YES;
				CLANG_WARN_STRICT_PROTOTYPES = YES;
				CLANG_WARN_SUSPICIOUS_MOVE = YES;
				CLANG_WARN_UNGUARDED_AVAILABILITY = YES_AGGRESSIVE;
				CLANG_WARN_UNREACHABLE_CODE = YES;
				CLANG_WARN__DUPLICATE_METHOD_MATCH = YES;
				COPY_PHASE_STRIP = NO;
				DEBUG_INFORMATION_FORMAT = "dwarf-with-dsym";
				ENABLE_NS_ASSERTIONS = NO;
				ENABLE_STRICT_OBJC_MSGSEND = YES;
				GCC_C_LANGUAGE_STANDARD = gnu11;
				GCC_NO_COMMON_BLOCKS = YES;
				GCC_WARN_64_TO_32_BIT_CONVERSION = YES;
				GCC_WARN_ABOUT_RETURN_TYPE = YES_ERROR;
				GCC_WARN_UNDECLARED_SELECTOR = YES;
				GCC_WARN_UNINITIALIZED_AUTOS = YES_AGGRESSIVE;
				GCC_WARN_UNUSED_FUNCTION = YES;
				GCC_WARN_UNUSED_VARIABLE = YES;
				IPHONEOS_DEPLOYMENT_TARGET = 15.4;
				MTL_ENABLE_DEBUG_INFO = NO;
				MTL_FAST_MATH = YES;
				SDKROOT = iphoneos;
				SWIFT_COMPILATION_MODE = wholemodule;
				SWIFT_OPTIMIZATION_LEVEL = "-O";
				VALIDATE_PRODUCT = YES;
			};
			name = Release;
		};
		032B728029CF1B7000A93D21 /* Debug */ = {
			isa = XCBuildConfiguration;
			baseConfigurationReference = 284120C8F9A3919E3E026080 /* Pods-AppStructureForUIKit.debug.xcconfig */;
			buildSettings = {
				ASSETCATALOG_COMPILER_APPICON_NAME = AppIcon;
				ASSETCATALOG_COMPILER_GLOBAL_ACCENT_COLOR_NAME = AccentColor;
				CODE_SIGN_STYLE = Automatic;
				CURRENT_PROJECT_VERSION = 1;
				DEVELOPMENT_TEAM = 6Z4N5M7RZK;
				GENERATE_INFOPLIST_FILE = YES;
				INFOPLIST_FILE = AppStructureForUIKit/Info.plist;
				INFOPLIST_KEY_UIApplicationSupportsIndirectInputEvents = YES;
				INFOPLIST_KEY_UILaunchStoryboardName = LaunchScreen;
				INFOPLIST_KEY_UIMainStoryboardFile = Main;
				INFOPLIST_KEY_UISupportedInterfaceOrientations_iPad = "UIInterfaceOrientationPortrait UIInterfaceOrientationPortraitUpsideDown UIInterfaceOrientationLandscapeLeft UIInterfaceOrientationLandscapeRight";
				INFOPLIST_KEY_UISupportedInterfaceOrientations_iPhone = "UIInterfaceOrientationPortrait UIInterfaceOrientationLandscapeLeft UIInterfaceOrientationLandscapeRight";
				LD_RUNPATH_SEARCH_PATHS = (
					"$(inherited)",
					"@executable_path/Frameworks",
				);
				MARKETING_VERSION = 1.0;
				PRODUCT_BUNDLE_IDENTIFIER = ebrahim.AppStructureForUIKit;
				PRODUCT_NAME = "$(TARGET_NAME)";
				SWIFT_EMIT_LOC_STRINGS = YES;
				SWIFT_VERSION = 5.0;
				TARGETED_DEVICE_FAMILY = "1,2";
			};
			name = Debug;
		};
		032B728129CF1B7000A93D21 /* Release */ = {
			isa = XCBuildConfiguration;
			baseConfigurationReference = DC7B5D1B0935B9D08EC351A4 /* Pods-AppStructureForUIKit.release.xcconfig */;
			buildSettings = {
				ASSETCATALOG_COMPILER_APPICON_NAME = AppIcon;
				ASSETCATALOG_COMPILER_GLOBAL_ACCENT_COLOR_NAME = AccentColor;
				CODE_SIGN_STYLE = Automatic;
				CURRENT_PROJECT_VERSION = 1;
				DEVELOPMENT_TEAM = 6Z4N5M7RZK;
				GENERATE_INFOPLIST_FILE = YES;
				INFOPLIST_FILE = AppStructureForUIKit/Info.plist;
				INFOPLIST_KEY_UIApplicationSupportsIndirectInputEvents = YES;
				INFOPLIST_KEY_UILaunchStoryboardName = LaunchScreen;
				INFOPLIST_KEY_UIMainStoryboardFile = Main;
				INFOPLIST_KEY_UISupportedInterfaceOrientations_iPad = "UIInterfaceOrientationPortrait UIInterfaceOrientationPortraitUpsideDown UIInterfaceOrientationLandscapeLeft UIInterfaceOrientationLandscapeRight";
				INFOPLIST_KEY_UISupportedInterfaceOrientations_iPhone = "UIInterfaceOrientationPortrait UIInterfaceOrientationLandscapeLeft UIInterfaceOrientationLandscapeRight";
				LD_RUNPATH_SEARCH_PATHS = (
					"$(inherited)",
					"@executable_path/Frameworks",
				);
				MARKETING_VERSION = 1.0;
				PRODUCT_BUNDLE_IDENTIFIER = ebrahim.AppStructureForUIKit;
				PRODUCT_NAME = "$(TARGET_NAME)";
				SWIFT_EMIT_LOC_STRINGS = YES;
				SWIFT_VERSION = 5.0;
				TARGETED_DEVICE_FAMILY = "1,2";
			};
			name = Release;
		};
		032B728329CF1B7000A93D21 /* Debug */ = {
			isa = XCBuildConfiguration;
			baseConfigurationReference = 477CFB058F508D124EB332E1 /* Pods-AppStructureForUIKitTests.debug.xcconfig */;
			buildSettings = {
				ALWAYS_EMBED_SWIFT_STANDARD_LIBRARIES = YES;
				BUNDLE_LOADER = "$(TEST_HOST)";
				CODE_SIGN_STYLE = Automatic;
				CURRENT_PROJECT_VERSION = 1;
				DEVELOPMENT_TEAM = 6Z4N5M7RZK;
				GENERATE_INFOPLIST_FILE = YES;
				IPHONEOS_DEPLOYMENT_TARGET = 15.4;
				MARKETING_VERSION = 1.0;
				PRODUCT_BUNDLE_IDENTIFIER = ebrahim.AppStructureForUIKitTests;
				PRODUCT_NAME = "$(TARGET_NAME)";
				SWIFT_EMIT_LOC_STRINGS = NO;
				SWIFT_VERSION = 5.0;
				TARGETED_DEVICE_FAMILY = "1,2";
				TEST_HOST = "$(BUILT_PRODUCTS_DIR)/AppStructureForUIKit.app/AppStructureForUIKit";
			};
			name = Debug;
		};
		032B728429CF1B7000A93D21 /* Release */ = {
			isa = XCBuildConfiguration;
			baseConfigurationReference = 5852EE1FFA047E0AB8199874 /* Pods-AppStructureForUIKitTests.release.xcconfig */;
			buildSettings = {
				ALWAYS_EMBED_SWIFT_STANDARD_LIBRARIES = YES;
				BUNDLE_LOADER = "$(TEST_HOST)";
				CODE_SIGN_STYLE = Automatic;
				CURRENT_PROJECT_VERSION = 1;
				DEVELOPMENT_TEAM = 6Z4N5M7RZK;
				GENERATE_INFOPLIST_FILE = YES;
				IPHONEOS_DEPLOYMENT_TARGET = 15.4;
				MARKETING_VERSION = 1.0;
				PRODUCT_BUNDLE_IDENTIFIER = ebrahim.AppStructureForUIKitTests;
				PRODUCT_NAME = "$(TARGET_NAME)";
				SWIFT_EMIT_LOC_STRINGS = NO;
				SWIFT_VERSION = 5.0;
				TARGETED_DEVICE_FAMILY = "1,2";
				TEST_HOST = "$(BUILT_PRODUCTS_DIR)/AppStructureForUIKit.app/AppStructureForUIKit";
			};
			name = Release;
		};
		032B728629CF1B7000A93D21 /* Debug */ = {
			isa = XCBuildConfiguration;
			baseConfigurationReference = 8A8875AF65FE2276953C3CC2 /* Pods-AppStructureForUIKit-AppStructureForUIKitUITests.debug.xcconfig */;
			buildSettings = {
				ALWAYS_EMBED_SWIFT_STANDARD_LIBRARIES = YES;
				CODE_SIGN_STYLE = Automatic;
				CURRENT_PROJECT_VERSION = 1;
				DEVELOPMENT_TEAM = 6Z4N5M7RZK;
				GENERATE_INFOPLIST_FILE = YES;
				MARKETING_VERSION = 1.0;
				PRODUCT_BUNDLE_IDENTIFIER = ebrahim.AppStructureForUIKitUITests;
				PRODUCT_NAME = "$(TARGET_NAME)";
				SWIFT_EMIT_LOC_STRINGS = NO;
				SWIFT_VERSION = 5.0;
				TARGETED_DEVICE_FAMILY = "1,2";
				TEST_TARGET_NAME = AppStructureForUIKit;
			};
			name = Debug;
		};
		032B728729CF1B7000A93D21 /* Release */ = {
			isa = XCBuildConfiguration;
			baseConfigurationReference = CBE1B70FAC7C415D31E7ED79 /* Pods-AppStructureForUIKit-AppStructureForUIKitUITests.release.xcconfig */;
			buildSettings = {
				ALWAYS_EMBED_SWIFT_STANDARD_LIBRARIES = YES;
				CODE_SIGN_STYLE = Automatic;
				CURRENT_PROJECT_VERSION = 1;
				DEVELOPMENT_TEAM = 6Z4N5M7RZK;
				GENERATE_INFOPLIST_FILE = YES;
				MARKETING_VERSION = 1.0;
				PRODUCT_BUNDLE_IDENTIFIER = ebrahim.AppStructureForUIKitUITests;
				PRODUCT_NAME = "$(TARGET_NAME)";
				SWIFT_EMIT_LOC_STRINGS = NO;
				SWIFT_VERSION = 5.0;
				TARGETED_DEVICE_FAMILY = "1,2";
				TEST_TARGET_NAME = AppStructureForUIKit;
			};
			name = Release;
		};
/* End XCBuildConfiguration section */

/* Begin XCConfigurationList section */
		032B725029CF1B6900A93D21 /* Build configuration list for PBXProject "AppStructureForUIKit" */ = {
			isa = XCConfigurationList;
			buildConfigurations = (
				032B727D29CF1B7000A93D21 /* Debug */,
				032B727E29CF1B7000A93D21 /* Release */,
			);
			defaultConfigurationIsVisible = 0;
			defaultConfigurationName = Release;
		};
		032B727F29CF1B7000A93D21 /* Build configuration list for PBXNativeTarget "AppStructureForUIKit" */ = {
			isa = XCConfigurationList;
			buildConfigurations = (
				032B728029CF1B7000A93D21 /* Debug */,
				032B728129CF1B7000A93D21 /* Release */,
			);
			defaultConfigurationIsVisible = 0;
			defaultConfigurationName = Release;
		};
		032B728229CF1B7000A93D21 /* Build configuration list for PBXNativeTarget "AppStructureForUIKitTests" */ = {
			isa = XCConfigurationList;
			buildConfigurations = (
				032B728329CF1B7000A93D21 /* Debug */,
				032B728429CF1B7000A93D21 /* Release */,
			);
			defaultConfigurationIsVisible = 0;
			defaultConfigurationName = Release;
		};
		032B728529CF1B7000A93D21 /* Build configuration list for PBXNativeTarget "AppStructureForUIKitUITests" */ = {
			isa = XCConfigurationList;
			buildConfigurations = (
				032B728629CF1B7000A93D21 /* Debug */,
				032B728729CF1B7000A93D21 /* Release */,
			);
			defaultConfigurationIsVisible = 0;
			defaultConfigurationName = Release;
		};
/* End XCConfigurationList section */
	};
	rootObject = 032B724D29CF1B6900A93D21 /* Project object */;
}
